
Microsoft Visual Studio Solution File, Format Version 12.00
# Visual Studio 15
VisualStudioVersion = 15.0.27130.2026
MinimumVisualStudioVersion = 10.0.40219.1
Project("{FAE04EC0-301F-11D3-BF4B-00C04F79EFBC}") = "zephyr.cli.net", "zephyr.cli.net\zephyr.cli.net.csproj", "{B23EDC7B-B101-4F74-B715-C38B6A3AFAD3}"
EndProject
Project("{2150E333-8FDC-42A3-9474-1A3956D46DE8}") = "Scripts", "Scripts", "{2B507BDD-EF7F-4EB9-A7BA-4B39ECE8D549}"
	ProjectSection(SolutionItems) = preProject
		scripts\AssemblyInfo.xml = scripts\AssemblyInfo.xml
	EndProjectSection
EndProject
Global
	GlobalSection(SolutionConfigurationPlatforms) = preSolution
		Debug|Any CPU = Debug|Any CPU
		Release|Any CPU = Release|Any CPU
	EndGlobalSection
	GlobalSection(ProjectConfigurationPlatforms) = postSolution
		{B23EDC7B-B101-4F74-B715-C38B6A3AFAD3}.Debug|Any CPU.ActiveCfg = Debug|Any CPU
		{B23EDC7B-B101-4F74-B715-C38B6A3AFAD3}.Debug|Any CPU.Build.0 = Debug|Any CPU
		{B23EDC7B-B101-4F74-B715-C38B6A3AFAD3}.Release|Any CPU.ActiveCfg = Release|Any CPU
		{B23EDC7B-B101-4F74-B715-C38B6A3AFAD3}.Release|Any CPU.Build.0 = Release|Any CPU
	EndGlobalSection
	GlobalSection(SolutionProperties) = preSolution
		HideSolutionNode = FALSE
	EndGlobalSection
	GlobalSection(ExtensibilityGlobals) = postSolution
		SolutionGuid = {D1A6F02D-8748-46E5-BA7F-60141175E4F9}
	EndGlobalSection
EndGlobal
